
Microsoft Visual Studio Solution File, Format Version 12.00
# Visual Studio Version 16
VisualStudioVersion = 16.0.29905.134
MinimumVisualStudioVersion = 10.0.40219.1
Project("{FAE04EC0-301F-11D3-BF4B-00C04F79EFBC}") = "Level2", "Level2\Level2.csproj", "{4C9D44C9-478A-469C-949E-2943CE033F6A}"
EndProject
Global
	GlobalSection(SolutionConfigurationPlatforms) = preSolution
		Debug|Any CPU = Debug|Any CPU
		Release|Any CPU = Release|Any CPU
	EndGlobalSection
	GlobalSection(ProjectConfigurationPlatforms) = postSolution
		{4C9D44C9-478A-469C-949E-2943CE033F6A}.Debug|Any CPU.ActiveCfg = Debug|Any CPU
		{4C9D44C9-478A-469C-949E-2943CE033F6A}.Debug|Any CPU.Build.0 = Debug|Any CPU
		{4C9D44C9-478A-469C-949E-2943CE033F6A}.Release|Any CPU.ActiveCfg = Release|Any CPU
		{4C9D44C9-478A-469C-949E-2943CE033F6A}.Release|Any CPU.Build.0 = Release|Any CPU
	EndGlobalSection
	GlobalSection(SolutionProperties) = preSolution
		HideSolutionNode = FALSE
	EndGlobalSection
	GlobalSection(ExtensibilityGlobals) = postSolution
		SolutionGuid = {92779286-F02C-48DA-8925-ACDCEF5FBB62}
	EndGlobalSection
EndGlobal
